
Microsoft Visual Studio Solution File, Format Version 12.00
# Visual Studio Version 17
VisualStudioVersion = 17.0.31903.59
MinimumVisualStudioVersion = 10.0.40219.1
Project("{2150E333-8FDC-42A3-9474-1A3956D46DE8}") = "Services", "Services", "{5854FF58-B8C5-05C6-5BF2-ACE42193F22B}"
EndProject
Project("{2150E333-8FDC-42A3-9474-1A3956D46DE8}") = "IdentityService", "IdentityService", "{DD206F60-1FAF-ED75-6FA2-9D7982884EA4}"
EndProject
Project("{FAE04EC0-301F-11D3-BF4B-00C04F79EFBC}") = "IdentityService.Api", "Services\IdentityService\IdentityService.Api\IdentityService.Api.csproj", "{348F603B-3E9E-4668-8EA7-B5551B27B7ED}"
EndProject
Project("{FAE04EC0-301F-11D3-BF4B-00C04F79EFBC}") = "IdentityService.Application", "Services\IdentityService\IdentityService.Application\IdentityService.Application.csproj", "{B7DEB68B-3A20-4BC3-9688-CAA2B6BC6562}"
EndProject
Project("{FAE04EC0-301F-11D3-BF4B-00C04F79EFBC}") = "IdentityService.Domain", "Services\IdentityService\IdentityService.Domain\IdentityService.Domain.csproj", "{655383BA-A806-4A27-B977-96365A9286FB}"
EndProject
Project("{FAE04EC0-301F-11D3-BF4B-00C04F79EFBC}") = "IdentityService.Infrastructure", "Services\IdentityService\IdentityService.Infrastructure\IdentityService.Infrastructure.csproj", "{F2B17A33-1105-40A5-ADBA-719C1CD7A32E}"
EndProject
Project("{2150E333-8FDC-42A3-9474-1A3956D46DE8}") = "HotelService", "HotelService", "{7DFA3875-0CDB-2EF8-0277-2F90ACB9E643}"
EndProject
Project("{FAE04EC0-301F-11D3-BF4B-00C04F79EFBC}") = "HotelService.Api", "Services\HotelService\HotelService.Api\HotelService.Api.csproj", "{20BF682C-AF1B-487C-9421-95F6038A367B}"
EndProject
Project("{FAE04EC0-301F-11D3-BF4B-00C04F79EFBC}") = "HotelService.Application", "Services\HotelService\HotelService.Application\HotelService.Application.csproj", "{A671A0E2-69A9-4BB2-A86B-9724083C295D}"
EndProject
Project("{FAE04EC0-301F-11D3-BF4B-00C04F79EFBC}") = "HotelService.Domain", "Services\HotelService\HotelService.Domain\HotelService.Domain.csproj", "{BA053EA5-18A8-4288-951B-E9EBAB2261AA}"
EndProject
Project("{FAE04EC0-301F-11D3-BF4B-00C04F79EFBC}") = "HotelService.Infrastructure", "Services\HotelService\HotelService.Infrastructure\HotelService.Infrastructure.csproj", "{509ABAB0-4D4C-40DE-8D95-37EAE59390BA}"
EndProject
Project("{2150E333-8FDC-42A3-9474-1A3956D46DE8}") = "RoomService", "RoomService", "{875E8080-1730-DF07-098A-6DDABACCE3E9}"
EndProject
Project("{FAE04EC0-301F-11D3-BF4B-00C04F79EFBC}") = "RoomService.Api", "Services\RoomService\RoomService.Api\RoomService.Api.csproj", "{152A5886-7D6A-458E-B33E-70C42D9C7F04}"
EndProject
Project("{FAE04EC0-301F-11D3-BF4B-00C04F79EFBC}") = "RoomService.Application", "Services\RoomService\RoomService.Application\RoomService.Application.csproj", "{01E448E3-4ACF-44DA-92EA-9CCD11676FC9}"
EndProject
Project("{FAE04EC0-301F-11D3-BF4B-00C04F79EFBC}") = "RoomService.Domain", "Services\RoomService\RoomService.Domain\RoomService.Domain.csproj", "{009DB7B6-35FE-45C7-A9C8-FD122A15AA4A}"
EndProject
Project("{FAE04EC0-301F-11D3-BF4B-00C04F79EFBC}") = "RoomService.Infrastructure", "Services\RoomService\RoomService.Infrastructure\RoomService.Infrastructure.csproj", "{E66752E9-8147-49F5-B480-9260BF3B5ADF}"
EndProject
Project("{2150E333-8FDC-42A3-9474-1A3956D46DE8}") = "BookingService", "BookingService", "{5CFE4BAC-9D17-26E1-1140-3D04F039A514}"
EndProject
Project("{FAE04EC0-301F-11D3-BF4B-00C04F79EFBC}") = "BookingService.Api", "Services\BookingService\BookingService.Api\BookingService.Api.csproj", "{5C429377-8D32-4418-9FE5-030267E00BD1}"
EndProject
Project("{FAE04EC0-301F-11D3-BF4B-00C04F79EFBC}") = "BookingService.Application", "Services\BookingService\BookingService.Application\BookingService.Application.csproj", "{17C106D6-BB6D-49FE-B5D9-5B8C7B8809F5}"
EndProject
Project("{FAE04EC0-301F-11D3-BF4B-00C04F79EFBC}") = "BookingService.Domain", "Services\BookingService\BookingService.Domain\BookingService.Domain.csproj", "{743F5576-54A7-4227-BE60-46BDD1CB46EE}"
EndProject
Project("{FAE04EC0-301F-11D3-BF4B-00C04F79EFBC}") = "BookingService.Infrastructure", "Services\BookingService\BookingService.Infrastructure\BookingService.Infrastructure.csproj", "{DC4320C8-1EBF-4FAC-ABB8-43BD303E5DDC}"
EndProject
Project("{FAE04EC0-301F-11D3-BF4B-00C04F79EFBC}") = "Shared.Contracts", "Shared.Contracts\Shared.Contracts.csproj", "{A879F54A-7DA2-4C4E-A839-57849FACFCAE}"
EndProject
Project("{2150E333-8FDC-42A3-9474-1A3956D46DE8}") = "PaymentService", "PaymentService", "{C37F6A99-4F64-C411-A3CA-5C94B414AB7E}"
EndProject
Project("{FAE04EC0-301F-11D3-BF4B-00C04F79EFBC}") = "PaymentService.Api", "Services\PaymentService\PaymentService.Api\PaymentService.Api.csproj", "{0720ED1F-1170-4EB4-A185-1AE59FEEE882}"
EndProject
Project("{FAE04EC0-301F-11D3-BF4B-00C04F79EFBC}") = "PaymentService.Application", "Services\PaymentService\PaymentService.Application\PaymentService.Application.csproj", "{3AF9BE91-11C6-47F8-8B73-CFA624C9C74F}"
EndProject
Project("{FAE04EC0-301F-11D3-BF4B-00C04F79EFBC}") = "PaymentService.Domain", "Services\PaymentService\PaymentService.Domain\PaymentService.Domain.csproj", "{673B604B-4AEB-43DA-9223-33AA92672C17}"
EndProject
Project("{FAE04EC0-301F-11D3-BF4B-00C04F79EFBC}") = "PaymentService.Infrastructure", "Services\PaymentService\PaymentService.Infrastructure\PaymentService.Infrastructure.csproj", "{B93F9E10-12B8-4A02-A2E7-4751143C0724}"
EndProject
Global
	GlobalSection(SolutionConfigurationPlatforms) = preSolution
		Debug|Any CPU = Debug|Any CPU
		Debug|x64 = Debug|x64
		Debug|x86 = Debug|x86
		Release|Any CPU = Release|Any CPU
		Release|x64 = Release|x64
		Release|x86 = Release|x86
	EndGlobalSection
	GlobalSection(ProjectConfigurationPlatforms) = postSolution
		{348F603B-3E9E-4668-8EA7-B5551B27B7ED}.Debug|Any CPU.ActiveCfg = Debug|Any CPU
		{348F603B-3E9E-4668-8EA7-B5551B27B7ED}.Debug|Any CPU.Build.0 = Debug|Any CPU
		{348F603B-3E9E-4668-8EA7-B5551B27B7ED}.Debug|x64.ActiveCfg = Debug|Any CPU
		{348F603B-3E9E-4668-8EA7-B5551B27B7ED}.Debug|x64.Build.0 = Debug|Any CPU
		{348F603B-3E9E-4668-8EA7-B5551B27B7ED}.Debug|x86.ActiveCfg = Debug|Any CPU
		{348F603B-3E9E-4668-8EA7-B5551B27B7ED}.Debug|x86.Build.0 = Debug|Any CPU
		{348F603B-3E9E-4668-8EA7-B5551B27B7ED}.Release|Any CPU.ActiveCfg = Release|Any CPU
		{348F603B-3E9E-4668-8EA7-B5551B27B7ED}.Release|Any CPU.Build.0 = Release|Any CPU
		{348F603B-3E9E-4668-8EA7-B5551B27B7ED}.Release|x64.ActiveCfg = Release|Any CPU
		{348F603B-3E9E-4668-8EA7-B5551B27B7ED}.Release|x64.Build.0 = Release|Any CPU
		{348F603B-3E9E-4668-8EA7-B5551B27B7ED}.Release|x86.ActiveCfg = Release|Any CPU
		{348F603B-3E9E-4668-8EA7-B5551B27B7ED}.Release|x86.Build.0 = Release|Any CPU
		{B7DEB68B-3A20-4BC3-9688-CAA2B6BC6562}.Debug|Any CPU.ActiveCfg = Debug|Any CPU
		{B7DEB68B-3A20-4BC3-9688-CAA2B6BC6562}.Debug|Any CPU.Build.0 = Debug|Any CPU
		{B7DEB68B-3A20-4BC3-9688-CAA2B6BC6562}.Debug|x64.ActiveCfg = Debug|Any CPU
		{B7DEB68B-3A20-4BC3-9688-CAA2B6BC6562}.Debug|x64.Build.0 = Debug|Any CPU
		{B7DEB68B-3A20-4BC3-9688-CAA2B6BC6562}.Debug|x86.ActiveCfg = Debug|Any CPU
		{B7DEB68B-3A20-4BC3-9688-CAA2B6BC6562}.Debug|x86.Build.0 = Debug|Any CPU
		{B7DEB68B-3A20-4BC3-9688-CAA2B6BC6562}.Release|Any CPU.ActiveCfg = Release|Any CPU
		{B7DEB68B-3A20-4BC3-9688-CAA2B6BC6562}.Release|Any CPU.Build.0 = Release|Any CPU
		{B7DEB68B-3A20-4BC3-9688-CAA2B6BC6562}.Release|x64.ActiveCfg = Release|Any CPU
		{B7DEB68B-3A20-4BC3-9688-CAA2B6BC6562}.Release|x64.Build.0 = Release|Any CPU
		{B7DEB68B-3A20-4BC3-9688-CAA2B6BC6562}.Release|x86.ActiveCfg = Release|Any CPU
		{B7DEB68B-3A20-4BC3-9688-CAA2B6BC6562}.Release|x86.Build.0 = Release|Any CPU
		{655383BA-A806-4A27-B977-96365A9286FB}.Debug|Any CPU.ActiveCfg = Debug|Any CPU
		{655383BA-A806-4A27-B977-96365A9286FB}.Debug|Any CPU.Build.0 = Debug|Any CPU
		{655383BA-A806-4A27-B977-96365A9286FB}.Debug|x64.ActiveCfg = Debug|Any CPU
		{655383BA-A806-4A27-B977-96365A9286FB}.Debug|x64.Build.0 = Debug|Any CPU
		{655383BA-A806-4A27-B977-96365A9286FB}.Debug|x86.ActiveCfg = Debug|Any CPU
		{655383BA-A806-4A27-B977-96365A9286FB}.Debug|x86.Build.0 = Debug|Any CPU
		{655383BA-A806-4A27-B977-96365A9286FB}.Release|Any CPU.ActiveCfg = Release|Any CPU
		{655383BA-A806-4A27-B977-96365A9286FB}.Release|Any CPU.Build.0 = Release|Any CPU
		{655383BA-A806-4A27-B977-96365A9286FB}.Release|x64.ActiveCfg = Release|Any CPU
		{655383BA-A806-4A27-B977-96365A9286FB}.Release|x64.Build.0 = Release|Any CPU
		{655383BA-A806-4A27-B977-96365A9286FB}.Release|x86.ActiveCfg = Release|Any CPU
		{655383BA-A806-4A27-B977-96365A9286FB}.Release|x86.Build.0 = Release|Any CPU
		{F2B17A33-1105-40A5-ADBA-719C1CD7A32E}.Debug|Any CPU.ActiveCfg = Debug|Any CPU
		{F2B17A33-1105-40A5-ADBA-719C1CD7A32E}.Debug|Any CPU.Build.0 = Debug|Any CPU
		{F2B17A33-1105-40A5-ADBA-719C1CD7A32E}.Debug|x64.ActiveCfg = Debug|Any CPU
		{F2B17A33-1105-40A5-ADBA-719C1CD7A32E}.Debug|x64.Build.0 = Debug|Any CPU
		{F2B17A33-1105-40A5-ADBA-719C1CD7A32E}.Debug|x86.ActiveCfg = Debug|Any CPU
		{F2B17A33-1105-40A5-ADBA-719C1CD7A32E}.Debug|x86.Build.0 = Debug|Any CPU
		{F2B17A33-1105-40A5-ADBA-719C1CD7A32E}.Release|Any CPU.ActiveCfg = Release|Any CPU
		{F2B17A33-1105-40A5-ADBA-719C1CD7A32E}.Release|Any CPU.Build.0 = Release|Any CPU
		{F2B17A33-1105-40A5-ADBA-719C1CD7A32E}.Release|x64.ActiveCfg = Release|Any CPU
		{F2B17A33-1105-40A5-ADBA-719C1CD7A32E}.Release|x64.Build.0 = Release|Any CPU
		{F2B17A33-1105-40A5-ADBA-719C1CD7A32E}.Release|x86.ActiveCfg = Release|Any CPU
		{F2B17A33-1105-40A5-ADBA-719C1CD7A32E}.Release|x86.Build.0 = Release|Any CPU
		{20BF682C-AF1B-487C-9421-95F6038A367B}.Debug|Any CPU.ActiveCfg = Debug|Any CPU
		{20BF682C-AF1B-487C-9421-95F6038A367B}.Debug|Any CPU.Build.0 = Debug|Any CPU
		{20BF682C-AF1B-487C-9421-95F6038A367B}.Debug|x64.ActiveCfg = Debug|Any CPU
		{20BF682C-AF1B-487C-9421-95F6038A367B}.Debug|x64.Build.0 = Debug|Any CPU
		{20BF682C-AF1B-487C-9421-95F6038A367B}.Debug|x86.ActiveCfg = Debug|Any CPU
		{20BF682C-AF1B-487C-9421-95F6038A367B}.Debug|x86.Build.0 = Debug|Any CPU
		{20BF682C-AF1B-487C-9421-95F6038A367B}.Release|Any CPU.ActiveCfg = Release|Any CPU
		{20BF682C-AF1B-487C-9421-95F6038A367B}.Release|Any CPU.Build.0 = Release|Any CPU
		{20BF682C-AF1B-487C-9421-95F6038A367B}.Release|x64.ActiveCfg = Release|Any CPU
		{20BF682C-AF1B-487C-9421-95F6038A367B}.Release|x64.Build.0 = Release|Any CPU
		{20BF682C-AF1B-487C-9421-95F6038A367B}.Release|x86.ActiveCfg = Release|Any CPU
		{20BF682C-AF1B-487C-9421-95F6038A367B}.Release|x86.Build.0 = Release|Any CPU
		{A671A0E2-69A9-4BB2-A86B-9724083C295D}.Debug|Any CPU.ActiveCfg = Debug|Any CPU
		{A671A0E2-69A9-4BB2-A86B-9724083C295D}.Debug|Any CPU.Build.0 = Debug|Any CPU
		{A671A0E2-69A9-4BB2-A86B-9724083C295D}.Debug|x64.ActiveCfg = Debug|Any CPU
		{A671A0E2-69A9-4BB2-A86B-9724083C295D}.Debug|x64.Build.0 = Debug|Any CPU
		{A671A0E2-69A9-4BB2-A86B-9724083C295D}.Debug|x86.ActiveCfg = Debug|Any CPU
		{A671A0E2-69A9-4BB2-A86B-9724083C295D}.Debug|x86.Build.0 = Debug|Any CPU
		{A671A0E2-69A9-4BB2-A86B-9724083C295D}.Release|Any CPU.ActiveCfg = Release|Any CPU
		{A671A0E2-69A9-4BB2-A86B-9724083C295D}.Release|Any CPU.Build.0 = Release|Any CPU
		{A671A0E2-69A9-4BB2-A86B-9724083C295D}.Release|x64.ActiveCfg = Release|Any CPU
		{A671A0E2-69A9-4BB2-A86B-9724083C295D}.Release|x64.Build.0 = Release|Any CPU
		{A671A0E2-69A9-4BB2-A86B-9724083C295D}.Release|x86.ActiveCfg = Release|Any CPU
		{A671A0E2-69A9-4BB2-A86B-9724083C295D}.Release|x86.Build.0 = Release|Any CPU
		{BA053EA5-18A8-4288-951B-E9EBAB2261AA}.Debug|Any CPU.ActiveCfg = Debug|Any CPU
		{BA053EA5-18A8-4288-951B-E9EBAB2261AA}.Debug|Any CPU.Build.0 = Debug|Any CPU
		{BA053EA5-18A8-4288-951B-E9EBAB2261AA}.Debug|x64.ActiveCfg = Debug|Any CPU
		{BA053EA5-18A8-4288-951B-E9EBAB2261AA}.Debug|x64.Build.0 = Debug|Any CPU
		{BA053EA5-18A8-4288-951B-E9EBAB2261AA}.Debug|x86.ActiveCfg = Debug|Any CPU
		{BA053EA5-18A8-4288-951B-E9EBAB2261AA}.Debug|x86.Build.0 = Debug|Any CPU
		{BA053EA5-18A8-4288-951B-E9EBAB2261AA}.Release|Any CPU.ActiveCfg = Release|Any CPU
		{BA053EA5-18A8-4288-951B-E9EBAB2261AA}.Release|Any CPU.Build.0 = Release|Any CPU
		{BA053EA5-18A8-4288-951B-E9EBAB2261AA}.Release|x64.ActiveCfg = Release|Any CPU
		{BA053EA5-18A8-4288-951B-E9EBAB2261AA}.Release|x64.Build.0 = Release|Any CPU
		{BA053EA5-18A8-4288-951B-E9EBAB2261AA}.Release|x86.ActiveCfg = Release|Any CPU
		{BA053EA5-18A8-4288-951B-E9EBAB2261AA}.Release|x86.Build.0 = Release|Any CPU
		{509ABAB0-4D4C-40DE-8D95-37EAE59390BA}.Debug|Any CPU.ActiveCfg = Debug|Any CPU
		{509ABAB0-4D4C-40DE-8D95-37EAE59390BA}.Debug|Any CPU.Build.0 = Debug|Any CPU
		{509ABAB0-4D4C-40DE-8D95-37EAE59390BA}.Debug|x64.ActiveCfg = Debug|Any CPU
		{509ABAB0-4D4C-40DE-8D95-37EAE59390BA}.Debug|x64.Build.0 = Debug|Any CPU
		{509ABAB0-4D4C-40DE-8D95-37EAE59390BA}.Debug|x86.ActiveCfg = Debug|Any CPU
		{509ABAB0-4D4C-40DE-8D95-37EAE59390BA}.Debug|x86.Build.0 = Debug|Any CPU
		{509ABAB0-4D4C-40DE-8D95-37EAE59390BA}.Release|Any CPU.ActiveCfg = Release|Any CPU
		{509ABAB0-4D4C-40DE-8D95-37EAE59390BA}.Release|Any CPU.Build.0 = Release|Any CPU
		{509ABAB0-4D4C-40DE-8D95-37EAE59390BA}.Release|x64.ActiveCfg = Release|Any CPU
		{509ABAB0-4D4C-40DE-8D95-37EAE59390BA}.Release|x64.Build.0 = Release|Any CPU
		{509ABAB0-4D4C-40DE-8D95-37EAE59390BA}.Release|x86.ActiveCfg = Release|Any CPU
		{509ABAB0-4D4C-40DE-8D95-37EAE59390BA}.Release|x86.Build.0 = Release|Any CPU
		{152A5886-7D6A-458E-B33E-70C42D9C7F04}.Debug|Any CPU.ActiveCfg = Debug|Any CPU
		{152A5886-7D6A-458E-B33E-70C42D9C7F04}.Debug|Any CPU.Build.0 = Debug|Any CPU
		{152A5886-7D6A-458E-B33E-70C42D9C7F04}.Debug|x64.ActiveCfg = Debug|Any CPU
		{152A5886-7D6A-458E-B33E-70C42D9C7F04}.Debug|x64.Build.0 = Debug|Any CPU
		{152A5886-7D6A-458E-B33E-70C42D9C7F04}.Debug|x86.ActiveCfg = Debug|Any CPU
		{152A5886-7D6A-458E-B33E-70C42D9C7F04}.Debug|x86.Build.0 = Debug|Any CPU
		{152A5886-7D6A-458E-B33E-70C42D9C7F04}.Release|Any CPU.ActiveCfg = Release|Any CPU
		{152A5886-7D6A-458E-B33E-70C42D9C7F04}.Release|Any CPU.Build.0 = Release|Any CPU
		{152A5886-7D6A-458E-B33E-70C42D9C7F04}.Release|x64.ActiveCfg = Release|Any CPU
		{152A5886-7D6A-458E-B33E-70C42D9C7F04}.Release|x64.Build.0 = Release|Any CPU
		{152A5886-7D6A-458E-B33E-70C42D9C7F04}.Release|x86.ActiveCfg = Release|Any CPU
		{152A5886-7D6A-458E-B33E-70C42D9C7F04}.Release|x86.Build.0 = Release|Any CPU
		{01E448E3-4ACF-44DA-92EA-9CCD11676FC9}.Debug|Any CPU.ActiveCfg = Debug|Any CPU
		{01E448E3-4ACF-44DA-92EA-9CCD11676FC9}.Debug|Any CPU.Build.0 = Debug|Any CPU
		{01E448E3-4ACF-44DA-92EA-9CCD11676FC9}.Debug|x64.ActiveCfg = Debug|Any CPU
		{01E448E3-4ACF-44DA-92EA-9CCD11676FC9}.Debug|x64.Build.0 = Debug|Any CPU
		{01E448E3-4ACF-44DA-92EA-9CCD11676FC9}.Debug|x86.ActiveCfg = Debug|Any CPU
		{01E448E3-4ACF-44DA-92EA-9CCD11676FC9}.Debug|x86.Build.0 = Debug|Any CPU
		{01E448E3-4ACF-44DA-92EA-9CCD11676FC9}.Release|Any CPU.ActiveCfg = Release|Any CPU
		{01E448E3-4ACF-44DA-92EA-9CCD11676FC9}.Release|Any CPU.Build.0 = Release|Any CPU
		{01E448E3-4ACF-44DA-92EA-9CCD11676FC9}.Release|x64.ActiveCfg = Release|Any CPU
		{01E448E3-4ACF-44DA-92EA-9CCD11676FC9}.Release|x64.Build.0 = Release|Any CPU
		{01E448E3-4ACF-44DA-92EA-9CCD11676FC9}.Release|x86.ActiveCfg = Release|Any CPU
		{01E448E3-4ACF-44DA-92EA-9CCD11676FC9}.Release|x86.Build.0 = Release|Any CPU
		{009DB7B6-35FE-45C7-A9C8-FD122A15AA4A}.Debug|Any CPU.ActiveCfg = Debug|Any CPU
		{009DB7B6-35FE-45C7-A9C8-FD122A15AA4A}.Debug|Any CPU.Build.0 = Debug|Any CPU
		{009DB7B6-35FE-45C7-A9C8-FD122A15AA4A}.Debug|x64.ActiveCfg = Debug|Any CPU
		{009DB7B6-35FE-45C7-A9C8-FD122A15AA4A}.Debug|x64.Build.0 = Debug|Any CPU
		{009DB7B6-35FE-45C7-A9C8-FD122A15AA4A}.Debug|x86.ActiveCfg = Debug|Any CPU
		{009DB7B6-35FE-45C7-A9C8-FD122A15AA4A}.Debug|x86.Build.0 = Debug|Any CPU
		{009DB7B6-35FE-45C7-A9C8-FD122A15AA4A}.Release|Any CPU.ActiveCfg = Release|Any CPU
		{009DB7B6-35FE-45C7-A9C8-FD122A15AA4A}.Release|Any CPU.Build.0 = Release|Any CPU
		{009DB7B6-35FE-45C7-A9C8-FD122A15AA4A}.Release|x64.ActiveCfg = Release|Any CPU
		{009DB7B6-35FE-45C7-A9C8-FD122A15AA4A}.Release|x64.Build.0 = Release|Any CPU
		{009DB7B6-35FE-45C7-A9C8-FD122A15AA4A}.Release|x86.ActiveCfg = Release|Any CPU
		{009DB7B6-35FE-45C7-A9C8-FD122A15AA4A}.Release|x86.Build.0 = Release|Any CPU
		{E66752E9-8147-49F5-B480-9260BF3B5ADF}.Debug|Any CPU.ActiveCfg = Debug|Any CPU
		{E66752E9-8147-49F5-B480-9260BF3B5ADF}.Debug|Any CPU.Build.0 = Debug|Any CPU
		{E66752E9-8147-49F5-B480-9260BF3B5ADF}.Debug|x64.ActiveCfg = Debug|Any CPU
		{E66752E9-8147-49F5-B480-9260BF3B5ADF}.Debug|x64.Build.0 = Debug|Any CPU
		{E66752E9-8147-49F5-B480-9260BF3B5ADF}.Debug|x86.ActiveCfg = Debug|Any CPU
		{E66752E9-8147-49F5-B480-9260BF3B5ADF}.Debug|x86.Build.0 = Debug|Any CPU
		{E66752E9-8147-49F5-B480-9260BF3B5ADF}.Release|Any CPU.ActiveCfg = Release|Any CPU
		{E66752E9-8147-49F5-B480-9260BF3B5ADF}.Release|Any CPU.Build.0 = Release|Any CPU
		{E66752E9-8147-49F5-B480-9260BF3B5ADF}.Release|x64.ActiveCfg = Release|Any CPU
		{E66752E9-8147-49F5-B480-9260BF3B5ADF}.Release|x64.Build.0 = Release|Any CPU
		{E66752E9-8147-49F5-B480-9260BF3B5ADF}.Release|x86.ActiveCfg = Release|Any CPU
		{E66752E9-8147-49F5-B480-9260BF3B5ADF}.Release|x86.Build.0 = Release|Any CPU
		{5C429377-8D32-4418-9FE5-030267E00BD1}.Debug|Any CPU.ActiveCfg = Debug|Any CPU
		{5C429377-8D32-4418-9FE5-030267E00BD1}.Debug|Any CPU.Build.0 = Debug|Any CPU
		{5C429377-8D32-4418-9FE5-030267E00BD1}.Debug|x64.ActiveCfg = Debug|Any CPU
		{5C429377-8D32-4418-9FE5-030267E00BD1}.Debug|x64.Build.0 = Debug|Any CPU
		{5C429377-8D32-4418-9FE5-030267E00BD1}.Debug|x86.ActiveCfg = Debug|Any CPU
		{5C429377-8D32-4418-9FE5-030267E00BD1}.Debug|x86.Build.0 = Debug|Any CPU
		{5C429377-8D32-4418-9FE5-030267E00BD1}.Release|Any CPU.ActiveCfg = Release|Any CPU
		{5C429377-8D32-4418-9FE5-030267E00BD1}.Release|Any CPU.Build.0 = Release|Any CPU
		{5C429377-8D32-4418-9FE5-030267E00BD1}.Release|x64.ActiveCfg = Release|Any CPU
		{5C429377-8D32-4418-9FE5-030267E00BD1}.Release|x64.Build.0 = Release|Any CPU
		{5C429377-8D32-4418-9FE5-030267E00BD1}.Release|x86.ActiveCfg = Release|Any CPU
		{5C429377-8D32-4418-9FE5-030267E00BD1}.Release|x86.Build.0 = Release|Any CPU
		{17C106D6-BB6D-49FE-B5D9-5B8C7B8809F5}.Debug|Any CPU.ActiveCfg = Debug|Any CPU
		{17C106D6-BB6D-49FE-B5D9-5B8C7B8809F5}.Debug|Any CPU.Build.0 = Debug|Any CPU
		{17C106D6-BB6D-49FE-B5D9-5B8C7B8809F5}.Debug|x64.ActiveCfg = Debug|Any CPU
		{17C106D6-BB6D-49FE-B5D9-5B8C7B8809F5}.Debug|x64.Build.0 = Debug|Any CPU
		{17C106D6-BB6D-49FE-B5D9-5B8C7B8809F5}.Debug|x86.ActiveCfg = Debug|Any CPU
		{17C106D6-BB6D-49FE-B5D9-5B8C7B8809F5}.Debug|x86.Build.0 = Debug|Any CPU
		{17C106D6-BB6D-49FE-B5D9-5B8C7B8809F5}.Release|Any CPU.ActiveCfg = Release|Any CPU
		{17C106D6-BB6D-49FE-B5D9-5B8C7B8809F5}.Release|Any CPU.Build.0 = Release|Any CPU
		{17C106D6-BB6D-49FE-B5D9-5B8C7B8809F5}.Release|x64.ActiveCfg = Release|Any CPU
		{17C106D6-BB6D-49FE-B5D9-5B8C7B8809F5}.Release|x64.Build.0 = Release|Any CPU
		{17C106D6-BB6D-49FE-B5D9-5B8C7B8809F5}.Release|x86.ActiveCfg = Release|Any CPU
		{17C106D6-BB6D-49FE-B5D9-5B8C7B8809F5}.Release|x86.Build.0 = Release|Any CPU
		{743F5576-54A7-4227-BE60-46BDD1CB46EE}.Debug|Any CPU.ActiveCfg = Debug|Any CPU
		{743F5576-54A7-4227-BE60-46BDD1CB46EE}.Debug|Any CPU.Build.0 = Debug|Any CPU
		{743F5576-54A7-4227-BE60-46BDD1CB46EE}.Debug|x64.ActiveCfg = Debug|Any CPU
		{743F5576-54A7-4227-BE60-46BDD1CB46EE}.Debug|x64.Build.0 = Debug|Any CPU
		{743F5576-54A7-4227-BE60-46BDD1CB46EE}.Debug|x86.ActiveCfg = Debug|Any CPU
		{743F5576-54A7-4227-BE60-46BDD1CB46EE}.Debug|x86.Build.0 = Debug|Any CPU
		{743F5576-54A7-4227-BE60-46BDD1CB46EE}.Release|Any CPU.ActiveCfg = Release|Any CPU
		{743F5576-54A7-4227-BE60-46BDD1CB46EE}.Release|Any CPU.Build.0 = Release|Any CPU
		{743F5576-54A7-4227-BE60-46BDD1CB46EE}.Release|x64.ActiveCfg = Release|Any CPU
		{743F5576-54A7-4227-BE60-46BDD1CB46EE}.Release|x64.Build.0 = Release|Any CPU
		{743F5576-54A7-4227-BE60-46BDD1CB46EE}.Release|x86.ActiveCfg = Release|Any CPU
		{743F5576-54A7-4227-BE60-46BDD1CB46EE}.Release|x86.Build.0 = Release|Any CPU
		{DC4320C8-1EBF-4FAC-ABB8-43BD303E5DDC}.Debug|Any CPU.ActiveCfg = Debug|Any CPU
		{DC4320C8-1EBF-4FAC-ABB8-43BD303E5DDC}.Debug|Any CPU.Build.0 = Debug|Any CPU
		{DC4320C8-1EBF-4FAC-ABB8-43BD303E5DDC}.Debug|x64.ActiveCfg = Debug|Any CPU
		{DC4320C8-1EBF-4FAC-ABB8-43BD303E5DDC}.Debug|x64.Build.0 = Debug|Any CPU
		{DC4320C8-1EBF-4FAC-ABB8-43BD303E5DDC}.Debug|x86.ActiveCfg = Debug|Any CPU
		{DC4320C8-1EBF-4FAC-ABB8-43BD303E5DDC}.Debug|x86.Build.0 = Debug|Any CPU
		{DC4320C8-1EBF-4FAC-ABB8-43BD303E5DDC}.Release|Any CPU.ActiveCfg = Release|Any CPU
		{DC4320C8-1EBF-4FAC-ABB8-43BD303E5DDC}.Release|Any CPU.Build.0 = Release|Any CPU
		{DC4320C8-1EBF-4FAC-ABB8-43BD303E5DDC}.Release|x64.ActiveCfg = Release|Any CPU
		{DC4320C8-1EBF-4FAC-ABB8-43BD303E5DDC}.Release|x64.Build.0 = Release|Any CPU
		{DC4320C8-1EBF-4FAC-ABB8-43BD303E5DDC}.Release|x86.ActiveCfg = Release|Any CPU
		{DC4320C8-1EBF-4FAC-ABB8-43BD303E5DDC}.Release|x86.Build.0 = Release|Any CPU
		{A879F54A-7DA2-4C4E-A839-57849FACFCAE}.Debug|Any CPU.ActiveCfg = Debug|Any CPU
		{A879F54A-7DA2-4C4E-A839-57849FACFCAE}.Debug|Any CPU.Build.0 = Debug|Any CPU
		{A879F54A-7DA2-4C4E-A839-57849FACFCAE}.Debug|x64.ActiveCfg = Debug|Any CPU
		{A879F54A-7DA2-4C4E-A839-57849FACFCAE}.Debug|x64.Build.0 = Debug|Any CPU
		{A879F54A-7DA2-4C4E-A839-57849FACFCAE}.Debug|x86.ActiveCfg = Debug|Any CPU
		{A879F54A-7DA2-4C4E-A839-57849FACFCAE}.Debug|x86.Build.0 = Debug|Any CPU
		{A879F54A-7DA2-4C4E-A839-57849FACFCAE}.Release|Any CPU.ActiveCfg = Release|Any CPU
		{A879F54A-7DA2-4C4E-A839-57849FACFCAE}.Release|Any CPU.Build.0 = Release|Any CPU
		{A879F54A-7DA2-4C4E-A839-57849FACFCAE}.Release|x64.ActiveCfg = Release|Any CPU
		{A879F54A-7DA2-4C4E-A839-57849FACFCAE}.Release|x64.Build.0 = Release|Any CPU
		{A879F54A-7DA2-4C4E-A839-57849FACFCAE}.Release|x86.ActiveCfg = Release|Any CPU
		{A879F54A-7DA2-4C4E-A839-57849FACFCAE}.Release|x86.Build.0 = Release|Any CPU
		{0720ED1F-1170-4EB4-A185-1AE59FEEE882}.Debug|Any CPU.ActiveCfg = Debug|Any CPU
		{0720ED1F-1170-4EB4-A185-1AE59FEEE882}.Debug|Any CPU.Build.0 = Debug|Any CPU
		{0720ED1F-1170-4EB4-A185-1AE59FEEE882}.Debug|x64.ActiveCfg = Debug|Any CPU
		{0720ED1F-1170-4EB4-A185-1AE59FEEE882}.Debug|x64.Build.0 = Debug|Any CPU
		{0720ED1F-1170-4EB4-A185-1AE59FEEE882}.Debug|x86.ActiveCfg = Debug|Any CPU
		{0720ED1F-1170-4EB4-A185-1AE59FEEE882}.Debug|x86.Build.0 = Debug|Any CPU
		{0720ED1F-1170-4EB4-A185-1AE59FEEE882}.Release|Any CPU.ActiveCfg = Release|Any CPU
		{0720ED1F-1170-4EB4-A185-1AE59FEEE882}.Release|Any CPU.Build.0 = Release|Any CPU
		{0720ED1F-1170-4EB4-A185-1AE59FEEE882}.Release|x64.ActiveCfg = Release|Any CPU
		{0720ED1F-1170-4EB4-A185-1AE59FEEE882}.Release|x64.Build.0 = Release|Any CPU
		{0720ED1F-1170-4EB4-A185-1AE59FEEE882}.Release|x86.ActiveCfg = Release|Any CPU
		{0720ED1F-1170-4EB4-A185-1AE59FEEE882}.Release|x86.Build.0 = Release|Any CPU
		{3AF9BE91-11C6-47F8-8B73-CFA624C9C74F}.Debug|Any CPU.ActiveCfg = Debug|Any CPU
		{3AF9BE91-11C6-47F8-8B73-CFA624C9C74F}.Debug|Any CPU.Build.0 = Debug|Any CPU
		{3AF9BE91-11C6-47F8-8B73-CFA624C9C74F}.Debug|x64.ActiveCfg = Debug|Any CPU
		{3AF9BE91-11C6-47F8-8B73-CFA624C9C74F}.Debug|x64.Build.0 = Debug|Any CPU
		{3AF9BE91-11C6-47F8-8B73-CFA624C9C74F}.Debug|x86.ActiveCfg = Debug|Any CPU
		{3AF9BE91-11C6-47F8-8B73-CFA624C9C74F}.Debug|x86.Build.0 = Debug|Any CPU
		{3AF9BE91-11C6-47F8-8B73-CFA624C9C74F}.Release|Any CPU.ActiveCfg = Release|Any CPU
		{3AF9BE91-11C6-47F8-8B73-CFA624C9C74F}.Release|Any CPU.Build.0 = Release|Any CPU
		{3AF9BE91-11C6-47F8-8B73-CFA624C9C74F}.Release|x64.ActiveCfg = Release|Any CPU
		{3AF9BE91-11C6-47F8-8B73-CFA624C9C74F}.Release|x64.Build.0 = Release|Any CPU
		{3AF9BE91-11C6-47F8-8B73-CFA624C9C74F}.Release|x86.ActiveCfg = Release|Any CPU
		{3AF9BE91-11C6-47F8-8B73-CFA624C9C74F}.Release|x86.Build.0 = Release|Any CPU
		{673B604B-4AEB-43DA-9223-33AA92672C17}.Debug|Any CPU.ActiveCfg = Debug|Any CPU
		{673B604B-4AEB-43DA-9223-33AA92672C17}.Debug|Any CPU.Build.0 = Debug|Any CPU
		{673B604B-4AEB-43DA-9223-33AA92672C17}.Debug|x64.ActiveCfg = Debug|Any CPU
		{673B604B-4AEB-43DA-9223-33AA92672C17}.Debug|x64.Build.0 = Debug|Any CPU
		{673B604B-4AEB-43DA-9223-33AA92672C17}.Debug|x86.ActiveCfg = Debug|Any CPU
		{673B604B-4AEB-43DA-9223-33AA92672C17}.Debug|x86.Build.0 = Debug|Any CPU
		{673B604B-4AEB-43DA-9223-33AA92672C17}.Release|Any CPU.ActiveCfg = Release|Any CPU
		{673B604B-4AEB-43DA-9223-33AA92672C17}.Release|Any CPU.Build.0 = Release|Any CPU
		{673B604B-4AEB-43DA-9223-33AA92672C17}.Release|x64.ActiveCfg = Release|Any CPU
		{673B604B-4AEB-43DA-9223-33AA92672C17}.Release|x64.Build.0 = Release|Any CPU
		{673B604B-4AEB-43DA-9223-33AA92672C17}.Release|x86.ActiveCfg = Release|Any CPU
		{673B604B-4AEB-43DA-9223-33AA92672C17}.Release|x86.Build.0 = Release|Any CPU
		{B93F9E10-12B8-4A02-A2E7-4751143C0724}.Debug|Any CPU.ActiveCfg = Debug|Any CPU
		{B93F9E10-12B8-4A02-A2E7-4751143C0724}.Debug|Any CPU.Build.0 = Debug|Any CPU
		{B93F9E10-12B8-4A02-A2E7-4751143C0724}.Debug|x64.ActiveCfg = Debug|Any CPU
		{B93F9E10-12B8-4A02-A2E7-4751143C0724}.Debug|x64.Build.0 = Debug|Any CPU
		{B93F9E10-12B8-4A02-A2E7-4751143C0724}.Debug|x86.ActiveCfg = Debug|Any CPU
		{B93F9E10-12B8-4A02-A2E7-4751143C0724}.Debug|x86.Build.0 = Debug|Any CPU
		{B93F9E10-12B8-4A02-A2E7-4751143C0724}.Release|Any CPU.ActiveCfg = Release|Any CPU
		{B93F9E10-12B8-4A02-A2E7-4751143C0724}.Release|Any CPU.Build.0 = Release|Any CPU
		{B93F9E10-12B8-4A02-A2E7-4751143C0724}.Release|x64.ActiveCfg = Release|Any CPU
		{B93F9E10-12B8-4A02-A2E7-4751143C0724}.Release|x64.Build.0 = Release|Any CPU
		{B93F9E10-12B8-4A02-A2E7-4751143C0724}.Release|x86.ActiveCfg = Release|Any CPU
		{B93F9E10-12B8-4A02-A2E7-4751143C0724}.Release|x86.Build.0 = Release|Any CPU
	EndGlobalSection
	GlobalSection(SolutionProperties) = preSolution
		HideSolutionNode = FALSE
	EndGlobalSection
	GlobalSection(NestedProjects) = preSolution
		{DD206F60-1FAF-ED75-6FA2-9D7982884EA4} = {5854FF58-B8C5-05C6-5BF2-ACE42193F22B}
		{348F603B-3E9E-4668-8EA7-B5551B27B7ED} = {DD206F60-1FAF-ED75-6FA2-9D7982884EA4}
		{B7DEB68B-3A20-4BC3-9688-CAA2B6BC6562} = {DD206F60-1FAF-ED75-6FA2-9D7982884EA4}
		{655383BA-A806-4A27-B977-96365A9286FB} = {DD206F60-1FAF-ED75-6FA2-9D7982884EA4}
		{F2B17A33-1105-40A5-ADBA-719C1CD7A32E} = {DD206F60-1FAF-ED75-6FA2-9D7982884EA4}
		{7DFA3875-0CDB-2EF8-0277-2F90ACB9E643} = {5854FF58-B8C5-05C6-5BF2-ACE42193F22B}
		{20BF682C-AF1B-487C-9421-95F6038A367B} = {7DFA3875-0CDB-2EF8-0277-2F90ACB9E643}
		{A671A0E2-69A9-4BB2-A86B-9724083C295D} = {7DFA3875-0CDB-2EF8-0277-2F90ACB9E643}
		{BA053EA5-18A8-4288-951B-E9EBAB2261AA} = {7DFA3875-0CDB-2EF8-0277-2F90ACB9E643}
		{509ABAB0-4D4C-40DE-8D95-37EAE59390BA} = {7DFA3875-0CDB-2EF8-0277-2F90ACB9E643}
		{875E8080-1730-DF07-098A-6DDABACCE3E9} = {5854FF58-B8C5-05C6-5BF2-ACE42193F22B}
		{152A5886-7D6A-458E-B33E-70C42D9C7F04} = {875E8080-1730-DF07-098A-6DDABACCE3E9}
		{01E448E3-4ACF-44DA-92EA-9CCD11676FC9} = {875E8080-1730-DF07-098A-6DDABACCE3E9}
		{009DB7B6-35FE-45C7-A9C8-FD122A15AA4A} = {875E8080-1730-DF07-098A-6DDABACCE3E9}
		{E66752E9-8147-49F5-B480-9260BF3B5ADF} = {875E8080-1730-DF07-098A-6DDABACCE3E9}
		{5CFE4BAC-9D17-26E1-1140-3D04F039A514} = {5854FF58-B8C5-05C6-5BF2-ACE42193F22B}
		{5C429377-8D32-4418-9FE5-030267E00BD1} = {5CFE4BAC-9D17-26E1-1140-3D04F039A514}
		{17C106D6-BB6D-49FE-B5D9-5B8C7B8809F5} = {5CFE4BAC-9D17-26E1-1140-3D04F039A514}
		{743F5576-54A7-4227-BE60-46BDD1CB46EE} = {5CFE4BAC-9D17-26E1-1140-3D04F039A514}
		{DC4320C8-1EBF-4FAC-ABB8-43BD303E5DDC} = {5CFE4BAC-9D17-26E1-1140-3D04F039A514}
		{C37F6A99-4F64-C411-A3CA-5C94B414AB7E} = {5854FF58-B8C5-05C6-5BF2-ACE42193F22B}
		{0720ED1F-1170-4EB4-A185-1AE59FEEE882} = {C37F6A99-4F64-C411-A3CA-5C94B414AB7E}
		{3AF9BE91-11C6-47F8-8B73-CFA624C9C74F} = {C37F6A99-4F64-C411-A3CA-5C94B414AB7E}
		{673B604B-4AEB-43DA-9223-33AA92672C17} = {C37F6A99-4F64-C411-A3CA-5C94B414AB7E}
		{B93F9E10-12B8-4A02-A2E7-4751143C0724} = {C37F6A99-4F64-C411-A3CA-5C94B414AB7E}
	EndGlobalSection
EndGlobal
